
Microsoft Visual Studio Solution File, Format Version 12.00
# Visual Studio Version 16
VisualStudioVersion = 16.0.30225.117
MinimumVisualStudioVersion = 10.0.40219.1
Project("{FAE04EC0-301F-11D3-BF4B-00C04F79EFBC}") = "Sprint 1", "Sprint 1\Sprint 1.csproj", "{811E0190-71BB-4657-A39B-DF12B3B9CE0A}"
EndProject
Global
	GlobalSection(SolutionConfigurationPlatforms) = preSolution
		Debug|Any CPU = Debug|Any CPU
		Release|Any CPU = Release|Any CPU
	EndGlobalSection
	GlobalSection(ProjectConfigurationPlatforms) = postSolution
		{811E0190-71BB-4657-A39B-DF12B3B9CE0A}.Debug|Any CPU.ActiveCfg = Debug|Any CPU
		{811E0190-71BB-4657-A39B-DF12B3B9CE0A}.Debug|Any CPU.Build.0 = Debug|Any CPU
		{811E0190-71BB-4657-A39B-DF12B3B9CE0A}.Release|Any CPU.ActiveCfg = Release|Any CPU
		{811E0190-71BB-4657-A39B-DF12B3B9CE0A}.Release|Any CPU.Build.0 = Release|Any CPU
	EndGlobalSection
	GlobalSection(SolutionProperties) = preSolution
		HideSolutionNode = FALSE
	EndGlobalSection
	GlobalSection(ExtensibilityGlobals) = postSolution
		SolutionGuid = {FD697943-521D-47DE-81AD-926EAAF4DE0C}
	EndGlobalSection
EndGlobal
